
Microsoft Visual Studio Solution File, Format Version 12.00
# Visual Studio Version 17
VisualStudioVersion = 17.3.32825.248
MinimumVisualStudioVersion = 10.0.40219.1
Project("{8BC9CEB8-8B4A-11D0-8D11-00A0C91BC942}") = "001_AR47Start", "001_AR47Start\001_AR47Start.vcxproj", "{DB5FBA99-5DCE-4BA2-B7E8-E9775EE62C95}"
EndProject
Project("{8BC9CEB8-8B4A-11D0-8D11-00A0C91BC942}") = "002_Compile", "002_Compile\002_Compile.vcxproj", "{C86DA654-40EC-4843-A119-9E7B4B5EAB6E}"
EndProject
Project("{8BC9CEB8-8B4A-11D0-8D11-00A0C91BC942}") = "003_MainFunction", "003_MainFunction\003_MainFunction.vcxproj", "{0320D173-14A9-466E-A5E1-76AC7DC9F53A}"
EndProject
Project("{8BC9CEB8-8B4A-11D0-8D11-00A0C91BC942}") = "004_Var", "004_Var\004_Var.vcxproj", "{38D997E5-8790-41A4-A1BE-979A83CA5D03}"
EndProject
Project("{8BC9CEB8-8B4A-11D0-8D11-00A0C91BC942}") = "005_Operator00", "005_Operator00\005_Operator00.vcxproj", "{E23AC3DC-6019-43AB-8D89-4D5147673A25}"
EndProject
Project("{2150E333-8FDC-42A3-9474-1A3956D46DE8}") = "Doc", "Doc", "{1A453E47-E7C6-4AFA-9912-C0DD35960EDE}"
	ProjectSection(SolutionItems) = preProject
		메모리영역.txt = 메모리영역.txt
		용어.txt = 용어.txt
	EndProjectSection
EndProject
Project("{8BC9CEB8-8B4A-11D0-8D11-00A0C91BC942}") = "006_InitOrCopy", "006_InitOrCopy\006_InitOrCopy.vcxproj", "{B8BAA9B0-BC49-4093-BC3A-50745B131728}"
EndProject
Project("{8BC9CEB8-8B4A-11D0-8D11-00A0C91BC942}") = "007_Operator01", "007_Operator01\007_Operator01.vcxproj", "{DB0E533B-6DE8-4B59-8BC8-B0173317745B}"
EndProject
Project("{8BC9CEB8-8B4A-11D0-8D11-00A0C91BC942}") = "008_Bit", "008_Bit\008_Bit.vcxproj", "{FE2B1E56-615F-4347-A53B-EF394E83A702}"
EndProject
Project("{2150E333-8FDC-42A3-9474-1A3956D46DE8}") = "HomeWork", "HomeWork", "{A3D41BC6-3255-4ADC-B148-B3B263C991B9}"
	ProjectSection(SolutionItems) = preProject
		ClassDefault\ADefaultClass.h = ClassDefault\ADefaultClass.h
	EndProjectSection
EndProject
Project("{8BC9CEB8-8B4A-11D0-8D11-00A0C91BC942}") = "HomeWork_0324", "HomeWork_0324\HomeWork_0324.vcxproj", "{7C1802BC-EBB1-4AA7-A2BF-90D829064A2F}"
EndProject
Project("{8BC9CEB8-8B4A-11D0-8D11-00A0C91BC942}") = "009_Semicolon", "009_Semicolon\009_Semicolon.vcxproj", "{227A9DC8-3139-48DC-81DC-D6AE1F8D7261}"
EndProject
Project("{8BC9CEB8-8B4A-11D0-8D11-00A0C91BC942}") = "010_Operator02", "010_Operator02\010_Operator02.vcxproj", "{39C83740-4AF6-4205-9B95-4F15A358329A}"
EndProject
Project("{8BC9CEB8-8B4A-11D0-8D11-00A0C91BC942}") = "011_Operator03", "011_Operator03\011_Operator03.vcxproj", "{2E3AD236-1DDA-4450-BD58-324278963041}"
EndProject
Project("{8BC9CEB8-8B4A-11D0-8D11-00A0C91BC942}") = "012_FunctionAndMemory", "012_FunctionAndMemory\012_FunctionAndMemory.vcxproj", "{C192A4CE-D56F-4452-AB83-05F60CEF780C}"
EndProject
Project("{8BC9CEB8-8B4A-11D0-8D11-00A0C91BC942}") = "013_Function", "013_Function\013_Function.vcxproj", "{E539CECD-F884-47B1-9EED-5478560CBF72}"
EndProject
Project("{8BC9CEB8-8B4A-11D0-8D11-00A0C91BC942}") = "014_Unsigned", "014_Unsigned\014_Unsigned.vcxproj", "{68DC4F7D-A2B8-4555-B29D-C6C29E4DCB78}"
EndProject
Project("{8BC9CEB8-8B4A-11D0-8D11-00A0C91BC942}") = "015_Charactor", "015_Charactor\015_Charactor.vcxproj", "{AFC033E9-C42C-4F70-947C-1DB4AD1C0778}"
EndProject
Project("{8BC9CEB8-8B4A-11D0-8D11-00A0C91BC942}") = "016_ArrayToString", "016_ArrayToString\016_ArrayToString.vcxproj", "{5F6103A0-1D68-49F0-945A-870D1B4EB2E3}"
EndProject
Project("{8BC9CEB8-8B4A-11D0-8D11-00A0C91BC942}") = "017_Printf", "017_Printf\017_Printf.vcxproj", "{85CB84AA-6C94-4D5E-9929-981CE17CCBAA}"
EndProject
Project("{8BC9CEB8-8B4A-11D0-8D11-00A0C91BC942}") = "018_Const01", "018_Const01\018_Const01.vcxproj", "{C3229082-CD4B-47E5-8A26-7AE0B3981E04}"
EndProject
Project("{8BC9CEB8-8B4A-11D0-8D11-00A0C91BC942}") = "019_inline01", "019_inline01\019_inline01.vcxproj", "{DF9A5B22-CEEA-47BF-898D-F5FEFC9C99A3}"
EndProject
Project("{8BC9CEB8-8B4A-11D0-8D11-00A0C91BC942}") = "HomeWork_0329", "HomeWork_0329\HomeWork_0329.vcxproj", "{ED41E963-A3C9-4A9F-8F6B-4ECC321C0835}"
EndProject
Project("{8BC9CEB8-8B4A-11D0-8D11-00A0C91BC942}") = "HomeWork0330", "HomeWork0330\HomeWork0330.vcxproj", "{A4406685-BEFF-43C5-A4E6-13D1F5E9D0E6}"
EndProject
Project("{8BC9CEB8-8B4A-11D0-8D11-00A0C91BC942}") = "020_Pointer01", "020_Pointer01\020_Pointer01.vcxproj", "{BDFEF8C7-A52E-44B4-890B-2D1248D787BF}"
EndProject
Project("{8BC9CEB8-8B4A-11D0-8D11-00A0C91BC942}") = "058_inheritanceMemory", "058_inheritanceMemory\058_inheritanceMemory.vcxproj", "{AD1A90A4-A449-40DB-B81F-FFB6271383F7}"
EndProject
Project("{8BC9CEB8-8B4A-11D0-8D11-00A0C91BC942}") = "059_ClassDefault", "059_ClassDefault\059_ClassDefault.vcxproj", "{CD7EE0A1-AC87-44AF-8B19-47517C5FC20E}"
EndProject
Project("{2150E333-8FDC-42A3-9474-1A3956D46DE8}") = "Etc", "Etc", "{2DBFBF27-771F-45B9-BE2C-7ACA12DCCFDE}"
EndProject
Project("{8BC9CEB8-8B4A-11D0-8D11-00A0C91BC942}") = "ClassDefault", "ClassDefault\ClassDefault.vcxproj", "{2D6EC036-F8CB-4446-B175-F5B48E5ADA16}"
EndProject
Project("{8BC9CEB8-8B4A-11D0-8D11-00A0C91BC942}") = "060_FunctionPointer", "060_FunctionPointer\060_FunctionPointer.vcxproj", "{551B557B-1C62-47CD-B967-9778D81DBEDF}"
EndProject
Project("{8BC9CEB8-8B4A-11D0-8D11-00A0C91BC942}") = "061_VirtualSize", "061_VirtualSize\061_VirtualSize.vcxproj", "{A64F6926-EE1F-4AE2-B6F0-C9A805D779BF}"
EndProject
Project("{8BC9CEB8-8B4A-11D0-8D11-00A0C91BC942}") = "062_UpAndDownCastiong", "062_UpAndDownCastiong\062_UpAndDownCastiong.vcxproj", "{53B7E354-250F-48B5-9158-D1A9C6DA07B2}"
EndProject
Project("{8BC9CEB8-8B4A-11D0-8D11-00A0C91BC942}") = "063_VPtr", "063_VPtr\063_VPtr.vcxproj", "{7BEDDD55-AF56-4716-B8A5-68044E5792F2}"
EndProject
Project("{8BC9CEB8-8B4A-11D0-8D11-00A0C91BC942}") = "064_Heap", "064_Heap\064_Heap.vcxproj", "{0768D6AA-E279-4977-BC04-7F1581FAF512}"
EndProject
Project("{8BC9CEB8-8B4A-11D0-8D11-00A0C91BC942}") = "065_DeleteHeap", "065_DeleteHeap\065_DeleteHeap.vcxproj", "{BB98894B-87C0-4363-ADD4-06D8D81BC8BB}"
EndProject
Project("{8BC9CEB8-8B4A-11D0-8D11-00A0C91BC942}") = "066_ArrayHeap", "066_ArrayHeap\066_ArrayHeap.vcxproj", "{FA00F051-3937-435D-A155-8AB1EAC700C3}"
EndProject
Project("{2150E333-8FDC-42A3-9474-1A3956D46DE8}") = "DataStruct", "DataStruct", "{94EDC34D-CD41-426F-BE7C-2ED7C4514F56}"
EndProject
Project("{8BC9CEB8-8B4A-11D0-8D11-00A0C91BC942}") = "GameEngineArray", "GameEngineArray\GameEngineArray.vcxproj", "{4B656E14-509D-4151-A4EB-8D3D7088F763}"
EndProject
Project("{2150E333-8FDC-42A3-9474-1A3956D46DE8}") = "Base", "Base", "{2CA9E406-D850-49E8-88AB-58988C3DB0A1}"
EndProject
Project("{8BC9CEB8-8B4A-11D0-8D11-00A0C91BC942}") = "GameEngineBase", "GameEngineBase\GameEngineBase.vcxproj", "{8DE1C643-5FC9-4A94-84CF-437B1743A58D}"
EndProject
Project("{8BC9CEB8-8B4A-11D0-8D11-00A0C91BC942}") = "GameEngineConsole", "GameEngineConsole\GameEngineConsole.vcxproj", "{0A665978-6D31-495D-B737-E37C631E9A8B}"
EndProject
Project("{8BC9CEB8-8B4A-11D0-8D11-00A0C91BC942}") = "HomeWork0407", "HomeWork0407\HomeWork0407.vcxproj", "{38F5C802-FB6C-4304-8ED7-C4D2F3A93FA8}"
EndProject
Project("{8BC9CEB8-8B4A-11D0-8D11-00A0C91BC942}") = "021_Pointer02", "021_Pointer02\021_Pointer02.vcxproj", "{289AA810-CEAE-465D-A830-B48DDF6C8F45}"
EndProject
Project("{8BC9CEB8-8B4A-11D0-8D11-00A0C91BC942}") = "022_PointerOperator", "022_PointerOperater\022_PointerOperater.vcxproj", "{BC95AEC3-EA49-4DDC-A9C3-9692197B76E4}"
EndProject
Project("{8BC9CEB8-8B4A-11D0-8D11-00A0C91BC942}") = "023_nullptr", "023_nullptr\023_nullptr.vcxproj", "{7AEFB556-6DF0-49F0-A2BF-AB711511B74B}"
EndProject
Project("{8BC9CEB8-8B4A-11D0-8D11-00A0C91BC942}") = "024_Reference", "024_Reference\024_Reference.vcxproj", "{865931FC-D561-4165-9507-E4970CD2A659}"
EndProject
Project("{8BC9CEB8-8B4A-11D0-8D11-00A0C91BC942}") = "025_Const02", "025_Const02\025_Const02.vcxproj", "{E61AE615-59D5-41A0-918A-B617275102F2}"
EndProject
Global
	GlobalSection(SolutionConfigurationPlatforms) = preSolution
		Debug|x64 = Debug|x64
		Debug|x86 = Debug|x86
		Release|x64 = Release|x64
		Release|x86 = Release|x86
	EndGlobalSection
	GlobalSection(ProjectConfigurationPlatforms) = postSolution
		{DB5FBA99-5DCE-4BA2-B7E8-E9775EE62C95}.Debug|x64.ActiveCfg = Debug|x64
		{DB5FBA99-5DCE-4BA2-B7E8-E9775EE62C95}.Debug|x64.Build.0 = Debug|x64
		{DB5FBA99-5DCE-4BA2-B7E8-E9775EE62C95}.Debug|x86.ActiveCfg = Debug|Win32
		{DB5FBA99-5DCE-4BA2-B7E8-E9775EE62C95}.Debug|x86.Build.0 = Debug|Win32
		{DB5FBA99-5DCE-4BA2-B7E8-E9775EE62C95}.Release|x64.ActiveCfg = Release|x64
		{DB5FBA99-5DCE-4BA2-B7E8-E9775EE62C95}.Release|x64.Build.0 = Release|x64
		{DB5FBA99-5DCE-4BA2-B7E8-E9775EE62C95}.Release|x86.ActiveCfg = Release|Win32
		{DB5FBA99-5DCE-4BA2-B7E8-E9775EE62C95}.Release|x86.Build.0 = Release|Win32
		{C86DA654-40EC-4843-A119-9E7B4B5EAB6E}.Debug|x64.ActiveCfg = Debug|x64
		{C86DA654-40EC-4843-A119-9E7B4B5EAB6E}.Debug|x64.Build.0 = Debug|x64
		{C86DA654-40EC-4843-A119-9E7B4B5EAB6E}.Debug|x86.ActiveCfg = Debug|Win32
		{C86DA654-40EC-4843-A119-9E7B4B5EAB6E}.Debug|x86.Build.0 = Debug|Win32
		{C86DA654-40EC-4843-A119-9E7B4B5EAB6E}.Release|x64.ActiveCfg = Release|x64
		{C86DA654-40EC-4843-A119-9E7B4B5EAB6E}.Release|x64.Build.0 = Release|x64
		{C86DA654-40EC-4843-A119-9E7B4B5EAB6E}.Release|x86.ActiveCfg = Release|Win32
		{C86DA654-40EC-4843-A119-9E7B4B5EAB6E}.Release|x86.Build.0 = Release|Win32
		{0320D173-14A9-466E-A5E1-76AC7DC9F53A}.Debug|x64.ActiveCfg = Debug|x64
		{0320D173-14A9-466E-A5E1-76AC7DC9F53A}.Debug|x64.Build.0 = Debug|x64
		{0320D173-14A9-466E-A5E1-76AC7DC9F53A}.Debug|x86.ActiveCfg = Debug|Win32
		{0320D173-14A9-466E-A5E1-76AC7DC9F53A}.Debug|x86.Build.0 = Debug|Win32
		{0320D173-14A9-466E-A5E1-76AC7DC9F53A}.Release|x64.ActiveCfg = Release|x64
		{0320D173-14A9-466E-A5E1-76AC7DC9F53A}.Release|x64.Build.0 = Release|x64
		{0320D173-14A9-466E-A5E1-76AC7DC9F53A}.Release|x86.ActiveCfg = Release|Win32
		{0320D173-14A9-466E-A5E1-76AC7DC9F53A}.Release|x86.Build.0 = Release|Win32
		{38D997E5-8790-41A4-A1BE-979A83CA5D03}.Debug|x64.ActiveCfg = Debug|x64
		{38D997E5-8790-41A4-A1BE-979A83CA5D03}.Debug|x64.Build.0 = Debug|x64
		{38D997E5-8790-41A4-A1BE-979A83CA5D03}.Debug|x86.ActiveCfg = Debug|Win32
		{38D997E5-8790-41A4-A1BE-979A83CA5D03}.Debug|x86.Build.0 = Debug|Win32
		{38D997E5-8790-41A4-A1BE-979A83CA5D03}.Release|x64.ActiveCfg = Release|x64
		{38D997E5-8790-41A4-A1BE-979A83CA5D03}.Release|x64.Build.0 = Release|x64
		{38D997E5-8790-41A4-A1BE-979A83CA5D03}.Release|x86.ActiveCfg = Release|Win32
		{38D997E5-8790-41A4-A1BE-979A83CA5D03}.Release|x86.Build.0 = Release|Win32
		{E23AC3DC-6019-43AB-8D89-4D5147673A25}.Debug|x64.ActiveCfg = Debug|x64
		{E23AC3DC-6019-43AB-8D89-4D5147673A25}.Debug|x64.Build.0 = Debug|x64
		{E23AC3DC-6019-43AB-8D89-4D5147673A25}.Debug|x86.ActiveCfg = Debug|Win32
		{E23AC3DC-6019-43AB-8D89-4D5147673A25}.Debug|x86.Build.0 = Debug|Win32
		{E23AC3DC-6019-43AB-8D89-4D5147673A25}.Release|x64.ActiveCfg = Release|x64
		{E23AC3DC-6019-43AB-8D89-4D5147673A25}.Release|x64.Build.0 = Release|x64
		{E23AC3DC-6019-43AB-8D89-4D5147673A25}.Release|x86.ActiveCfg = Release|Win32
		{E23AC3DC-6019-43AB-8D89-4D5147673A25}.Release|x86.Build.0 = Release|Win32
		{B8BAA9B0-BC49-4093-BC3A-50745B131728}.Debug|x64.ActiveCfg = Debug|x64
		{B8BAA9B0-BC49-4093-BC3A-50745B131728}.Debug|x64.Build.0 = Debug|x64
		{B8BAA9B0-BC49-4093-BC3A-50745B131728}.Debug|x86.ActiveCfg = Debug|Win32
		{B8BAA9B0-BC49-4093-BC3A-50745B131728}.Debug|x86.Build.0 = Debug|Win32
		{B8BAA9B0-BC49-4093-BC3A-50745B131728}.Release|x64.ActiveCfg = Release|x64
		{B8BAA9B0-BC49-4093-BC3A-50745B131728}.Release|x64.Build.0 = Release|x64
		{B8BAA9B0-BC49-4093-BC3A-50745B131728}.Release|x86.ActiveCfg = Release|Win32
		{B8BAA9B0-BC49-4093-BC3A-50745B131728}.Release|x86.Build.0 = Release|Win32
		{DB0E533B-6DE8-4B59-8BC8-B0173317745B}.Debug|x64.ActiveCfg = Debug|x64
		{DB0E533B-6DE8-4B59-8BC8-B0173317745B}.Debug|x64.Build.0 = Debug|x64
		{DB0E533B-6DE8-4B59-8BC8-B0173317745B}.Debug|x86.ActiveCfg = Debug|Win32
		{DB0E533B-6DE8-4B59-8BC8-B0173317745B}.Debug|x86.Build.0 = Debug|Win32
		{DB0E533B-6DE8-4B59-8BC8-B0173317745B}.Release|x64.ActiveCfg = Release|x64
		{DB0E533B-6DE8-4B59-8BC8-B0173317745B}.Release|x64.Build.0 = Release|x64
		{DB0E533B-6DE8-4B59-8BC8-B0173317745B}.Release|x86.ActiveCfg = Release|Win32
		{DB0E533B-6DE8-4B59-8BC8-B0173317745B}.Release|x86.Build.0 = Release|Win32
		{FE2B1E56-615F-4347-A53B-EF394E83A702}.Debug|x64.ActiveCfg = Debug|x64
		{FE2B1E56-615F-4347-A53B-EF394E83A702}.Debug|x64.Build.0 = Debug|x64
		{FE2B1E56-615F-4347-A53B-EF394E83A702}.Debug|x86.ActiveCfg = Debug|Win32
		{FE2B1E56-615F-4347-A53B-EF394E83A702}.Debug|x86.Build.0 = Debug|Win32
		{FE2B1E56-615F-4347-A53B-EF394E83A702}.Release|x64.ActiveCfg = Release|x64
		{FE2B1E56-615F-4347-A53B-EF394E83A702}.Release|x64.Build.0 = Release|x64
		{FE2B1E56-615F-4347-A53B-EF394E83A702}.Release|x86.ActiveCfg = Release|Win32
		{FE2B1E56-615F-4347-A53B-EF394E83A702}.Release|x86.Build.0 = Release|Win32
		{7C1802BC-EBB1-4AA7-A2BF-90D829064A2F}.Debug|x64.ActiveCfg = Debug|x64
		{7C1802BC-EBB1-4AA7-A2BF-90D829064A2F}.Debug|x64.Build.0 = Debug|x64
		{7C1802BC-EBB1-4AA7-A2BF-90D829064A2F}.Debug|x86.ActiveCfg = Debug|Win32
		{7C1802BC-EBB1-4AA7-A2BF-90D829064A2F}.Debug|x86.Build.0 = Debug|Win32
		{7C1802BC-EBB1-4AA7-A2BF-90D829064A2F}.Release|x64.ActiveCfg = Release|x64
		{7C1802BC-EBB1-4AA7-A2BF-90D829064A2F}.Release|x64.Build.0 = Release|x64
		{7C1802BC-EBB1-4AA7-A2BF-90D829064A2F}.Release|x86.ActiveCfg = Release|Win32
		{7C1802BC-EBB1-4AA7-A2BF-90D829064A2F}.Release|x86.Build.0 = Release|Win32
		{227A9DC8-3139-48DC-81DC-D6AE1F8D7261}.Debug|x64.ActiveCfg = Debug|x64
		{227A9DC8-3139-48DC-81DC-D6AE1F8D7261}.Debug|x64.Build.0 = Debug|x64
		{227A9DC8-3139-48DC-81DC-D6AE1F8D7261}.Debug|x86.ActiveCfg = Debug|Win32
		{227A9DC8-3139-48DC-81DC-D6AE1F8D7261}.Debug|x86.Build.0 = Debug|Win32
		{227A9DC8-3139-48DC-81DC-D6AE1F8D7261}.Release|x64.ActiveCfg = Release|x64
		{227A9DC8-3139-48DC-81DC-D6AE1F8D7261}.Release|x64.Build.0 = Release|x64
		{227A9DC8-3139-48DC-81DC-D6AE1F8D7261}.Release|x86.ActiveCfg = Release|Win32
		{227A9DC8-3139-48DC-81DC-D6AE1F8D7261}.Release|x86.Build.0 = Release|Win32
		{39C83740-4AF6-4205-9B95-4F15A358329A}.Debug|x64.ActiveCfg = Debug|x64
		{39C83740-4AF6-4205-9B95-4F15A358329A}.Debug|x64.Build.0 = Debug|x64
		{39C83740-4AF6-4205-9B95-4F15A358329A}.Debug|x86.ActiveCfg = Debug|Win32
		{39C83740-4AF6-4205-9B95-4F15A358329A}.Debug|x86.Build.0 = Debug|Win32
		{39C83740-4AF6-4205-9B95-4F15A358329A}.Release|x64.ActiveCfg = Release|x64
		{39C83740-4AF6-4205-9B95-4F15A358329A}.Release|x64.Build.0 = Release|x64
		{39C83740-4AF6-4205-9B95-4F15A358329A}.Release|x86.ActiveCfg = Release|Win32
		{39C83740-4AF6-4205-9B95-4F15A358329A}.Release|x86.Build.0 = Release|Win32
		{2E3AD236-1DDA-4450-BD58-324278963041}.Debug|x64.ActiveCfg = Debug|x64
		{2E3AD236-1DDA-4450-BD58-324278963041}.Debug|x64.Build.0 = Debug|x64
		{2E3AD236-1DDA-4450-BD58-324278963041}.Debug|x86.ActiveCfg = Debug|Win32
		{2E3AD236-1DDA-4450-BD58-324278963041}.Debug|x86.Build.0 = Debug|Win32
		{2E3AD236-1DDA-4450-BD58-324278963041}.Release|x64.ActiveCfg = Release|x64
		{2E3AD236-1DDA-4450-BD58-324278963041}.Release|x64.Build.0 = Release|x64
		{2E3AD236-1DDA-4450-BD58-324278963041}.Release|x86.ActiveCfg = Release|Win32
		{2E3AD236-1DDA-4450-BD58-324278963041}.Release|x86.Build.0 = Release|Win32
		{C192A4CE-D56F-4452-AB83-05F60CEF780C}.Debug|x64.ActiveCfg = Debug|x64
		{C192A4CE-D56F-4452-AB83-05F60CEF780C}.Debug|x64.Build.0 = Debug|x64
		{C192A4CE-D56F-4452-AB83-05F60CEF780C}.Debug|x86.ActiveCfg = Debug|Win32
		{C192A4CE-D56F-4452-AB83-05F60CEF780C}.Debug|x86.Build.0 = Debug|Win32
		{C192A4CE-D56F-4452-AB83-05F60CEF780C}.Release|x64.ActiveCfg = Release|x64
		{C192A4CE-D56F-4452-AB83-05F60CEF780C}.Release|x64.Build.0 = Release|x64
		{C192A4CE-D56F-4452-AB83-05F60CEF780C}.Release|x86.ActiveCfg = Release|Win32
		{C192A4CE-D56F-4452-AB83-05F60CEF780C}.Release|x86.Build.0 = Release|Win32
		{E539CECD-F884-47B1-9EED-5478560CBF72}.Debug|x64.ActiveCfg = Debug|x64
		{E539CECD-F884-47B1-9EED-5478560CBF72}.Debug|x64.Build.0 = Debug|x64
		{E539CECD-F884-47B1-9EED-5478560CBF72}.Debug|x86.ActiveCfg = Debug|Win32
		{E539CECD-F884-47B1-9EED-5478560CBF72}.Debug|x86.Build.0 = Debug|Win32
		{E539CECD-F884-47B1-9EED-5478560CBF72}.Release|x64.ActiveCfg = Release|x64
		{E539CECD-F884-47B1-9EED-5478560CBF72}.Release|x64.Build.0 = Release|x64
		{E539CECD-F884-47B1-9EED-5478560CBF72}.Release|x86.ActiveCfg = Release|Win32
		{E539CECD-F884-47B1-9EED-5478560CBF72}.Release|x86.Build.0 = Release|Win32
		{68DC4F7D-A2B8-4555-B29D-C6C29E4DCB78}.Debug|x64.ActiveCfg = Debug|x64
		{68DC4F7D-A2B8-4555-B29D-C6C29E4DCB78}.Debug|x64.Build.0 = Debug|x64
		{68DC4F7D-A2B8-4555-B29D-C6C29E4DCB78}.Debug|x86.ActiveCfg = Debug|Win32
		{68DC4F7D-A2B8-4555-B29D-C6C29E4DCB78}.Debug|x86.Build.0 = Debug|Win32
		{68DC4F7D-A2B8-4555-B29D-C6C29E4DCB78}.Release|x64.ActiveCfg = Release|x64
		{68DC4F7D-A2B8-4555-B29D-C6C29E4DCB78}.Release|x64.Build.0 = Release|x64
		{68DC4F7D-A2B8-4555-B29D-C6C29E4DCB78}.Release|x86.ActiveCfg = Release|Win32
		{68DC4F7D-A2B8-4555-B29D-C6C29E4DCB78}.Release|x86.Build.0 = Release|Win32
		{AFC033E9-C42C-4F70-947C-1DB4AD1C0778}.Debug|x64.ActiveCfg = Debug|x64
		{AFC033E9-C42C-4F70-947C-1DB4AD1C0778}.Debug|x64.Build.0 = Debug|x64
		{AFC033E9-C42C-4F70-947C-1DB4AD1C0778}.Debug|x86.ActiveCfg = Debug|Win32
		{AFC033E9-C42C-4F70-947C-1DB4AD1C0778}.Debug|x86.Build.0 = Debug|Win32
		{AFC033E9-C42C-4F70-947C-1DB4AD1C0778}.Release|x64.ActiveCfg = Release|x64
		{AFC033E9-C42C-4F70-947C-1DB4AD1C0778}.Release|x64.Build.0 = Release|x64
		{AFC033E9-C42C-4F70-947C-1DB4AD1C0778}.Release|x86.ActiveCfg = Release|Win32
		{AFC033E9-C42C-4F70-947C-1DB4AD1C0778}.Release|x86.Build.0 = Release|Win32
		{5F6103A0-1D68-49F0-945A-870D1B4EB2E3}.Debug|x64.ActiveCfg = Debug|x64
		{5F6103A0-1D68-49F0-945A-870D1B4EB2E3}.Debug|x64.Build.0 = Debug|x64
		{5F6103A0-1D68-49F0-945A-870D1B4EB2E3}.Debug|x86.ActiveCfg = Debug|Win32
		{5F6103A0-1D68-49F0-945A-870D1B4EB2E3}.Debug|x86.Build.0 = Debug|Win32
		{5F6103A0-1D68-49F0-945A-870D1B4EB2E3}.Release|x64.ActiveCfg = Release|x64
		{5F6103A0-1D68-49F0-945A-870D1B4EB2E3}.Release|x64.Build.0 = Release|x64
		{5F6103A0-1D68-49F0-945A-870D1B4EB2E3}.Release|x86.ActiveCfg = Release|Win32
		{5F6103A0-1D68-49F0-945A-870D1B4EB2E3}.Release|x86.Build.0 = Release|Win32
		{85CB84AA-6C94-4D5E-9929-981CE17CCBAA}.Debug|x64.ActiveCfg = Debug|x64
		{85CB84AA-6C94-4D5E-9929-981CE17CCBAA}.Debug|x64.Build.0 = Debug|x64
		{85CB84AA-6C94-4D5E-9929-981CE17CCBAA}.Debug|x86.ActiveCfg = Debug|Win32
		{85CB84AA-6C94-4D5E-9929-981CE17CCBAA}.Debug|x86.Build.0 = Debug|Win32
		{85CB84AA-6C94-4D5E-9929-981CE17CCBAA}.Release|x64.ActiveCfg = Release|x64
		{85CB84AA-6C94-4D5E-9929-981CE17CCBAA}.Release|x64.Build.0 = Release|x64
		{85CB84AA-6C94-4D5E-9929-981CE17CCBAA}.Release|x86.ActiveCfg = Release|Win32
		{85CB84AA-6C94-4D5E-9929-981CE17CCBAA}.Release|x86.Build.0 = Release|Win32
		{C3229082-CD4B-47E5-8A26-7AE0B3981E04}.Debug|x64.ActiveCfg = Debug|x64
		{C3229082-CD4B-47E5-8A26-7AE0B3981E04}.Debug|x64.Build.0 = Debug|x64
		{C3229082-CD4B-47E5-8A26-7AE0B3981E04}.Debug|x86.ActiveCfg = Debug|Win32
		{C3229082-CD4B-47E5-8A26-7AE0B3981E04}.Debug|x86.Build.0 = Debug|Win32
		{C3229082-CD4B-47E5-8A26-7AE0B3981E04}.Release|x64.ActiveCfg = Release|x64
		{C3229082-CD4B-47E5-8A26-7AE0B3981E04}.Release|x64.Build.0 = Release|x64
		{C3229082-CD4B-47E5-8A26-7AE0B3981E04}.Release|x86.ActiveCfg = Release|Win32
		{C3229082-CD4B-47E5-8A26-7AE0B3981E04}.Release|x86.Build.0 = Release|Win32
		{DF9A5B22-CEEA-47BF-898D-F5FEFC9C99A3}.Debug|x64.ActiveCfg = Debug|x64
		{DF9A5B22-CEEA-47BF-898D-F5FEFC9C99A3}.Debug|x64.Build.0 = Debug|x64
		{DF9A5B22-CEEA-47BF-898D-F5FEFC9C99A3}.Debug|x86.ActiveCfg = Debug|Win32
		{DF9A5B22-CEEA-47BF-898D-F5FEFC9C99A3}.Debug|x86.Build.0 = Debug|Win32
		{DF9A5B22-CEEA-47BF-898D-F5FEFC9C99A3}.Release|x64.ActiveCfg = Release|x64
		{DF9A5B22-CEEA-47BF-898D-F5FEFC9C99A3}.Release|x64.Build.0 = Release|x64
		{DF9A5B22-CEEA-47BF-898D-F5FEFC9C99A3}.Release|x86.ActiveCfg = Release|Win32
		{DF9A5B22-CEEA-47BF-898D-F5FEFC9C99A3}.Release|x86.Build.0 = Release|Win32
		{ED41E963-A3C9-4A9F-8F6B-4ECC321C0835}.Debug|x64.ActiveCfg = Debug|x64
		{ED41E963-A3C9-4A9F-8F6B-4ECC321C0835}.Debug|x64.Build.0 = Debug|x64
		{ED41E963-A3C9-4A9F-8F6B-4ECC321C0835}.Debug|x86.ActiveCfg = Debug|Win32
		{ED41E963-A3C9-4A9F-8F6B-4ECC321C0835}.Debug|x86.Build.0 = Debug|Win32
		{ED41E963-A3C9-4A9F-8F6B-4ECC321C0835}.Release|x64.ActiveCfg = Release|x64
		{ED41E963-A3C9-4A9F-8F6B-4ECC321C0835}.Release|x64.Build.0 = Release|x64
		{ED41E963-A3C9-4A9F-8F6B-4ECC321C0835}.Release|x86.ActiveCfg = Release|Win32
		{ED41E963-A3C9-4A9F-8F6B-4ECC321C0835}.Release|x86.Build.0 = Release|Win32
		{A4406685-BEFF-43C5-A4E6-13D1F5E9D0E6}.Debug|x64.ActiveCfg = Debug|x64
		{A4406685-BEFF-43C5-A4E6-13D1F5E9D0E6}.Debug|x64.Build.0 = Debug|x64
		{A4406685-BEFF-43C5-A4E6-13D1F5E9D0E6}.Debug|x86.ActiveCfg = Debug|Win32
		{A4406685-BEFF-43C5-A4E6-13D1F5E9D0E6}.Debug|x86.Build.0 = Debug|Win32
		{A4406685-BEFF-43C5-A4E6-13D1F5E9D0E6}.Release|x64.ActiveCfg = Release|x64
		{A4406685-BEFF-43C5-A4E6-13D1F5E9D0E6}.Release|x64.Build.0 = Release|x64
		{A4406685-BEFF-43C5-A4E6-13D1F5E9D0E6}.Release|x86.ActiveCfg = Release|Win32
		{A4406685-BEFF-43C5-A4E6-13D1F5E9D0E6}.Release|x86.Build.0 = Release|Win32
		{BDFEF8C7-A52E-44B4-890B-2D1248D787BF}.Debug|x64.ActiveCfg = Debug|x64
		{BDFEF8C7-A52E-44B4-890B-2D1248D787BF}.Debug|x64.Build.0 = Debug|x64
		{BDFEF8C7-A52E-44B4-890B-2D1248D787BF}.Debug|x86.ActiveCfg = Debug|Win32
		{BDFEF8C7-A52E-44B4-890B-2D1248D787BF}.Debug|x86.Build.0 = Debug|Win32
		{BDFEF8C7-A52E-44B4-890B-2D1248D787BF}.Release|x64.ActiveCfg = Release|x64
		{BDFEF8C7-A52E-44B4-890B-2D1248D787BF}.Release|x64.Build.0 = Release|x64
		{BDFEF8C7-A52E-44B4-890B-2D1248D787BF}.Release|x86.ActiveCfg = Release|Win32
		{BDFEF8C7-A52E-44B4-890B-2D1248D787BF}.Release|x86.Build.0 = Release|Win32
		{AD1A90A4-A449-40DB-B81F-FFB6271383F7}.Debug|x64.ActiveCfg = Debug|x64
		{AD1A90A4-A449-40DB-B81F-FFB6271383F7}.Debug|x64.Build.0 = Debug|x64
		{AD1A90A4-A449-40DB-B81F-FFB6271383F7}.Debug|x86.ActiveCfg = Debug|Win32
		{AD1A90A4-A449-40DB-B81F-FFB6271383F7}.Debug|x86.Build.0 = Debug|Win32
		{AD1A90A4-A449-40DB-B81F-FFB6271383F7}.Release|x64.ActiveCfg = Release|x64
		{AD1A90A4-A449-40DB-B81F-FFB6271383F7}.Release|x64.Build.0 = Release|x64
		{AD1A90A4-A449-40DB-B81F-FFB6271383F7}.Release|x86.ActiveCfg = Release|Win32
		{AD1A90A4-A449-40DB-B81F-FFB6271383F7}.Release|x86.Build.0 = Release|Win32
		{CD7EE0A1-AC87-44AF-8B19-47517C5FC20E}.Debug|x64.ActiveCfg = Debug|x64
		{CD7EE0A1-AC87-44AF-8B19-47517C5FC20E}.Debug|x64.Build.0 = Debug|x64
		{CD7EE0A1-AC87-44AF-8B19-47517C5FC20E}.Debug|x86.ActiveCfg = Debug|Win32
		{CD7EE0A1-AC87-44AF-8B19-47517C5FC20E}.Debug|x86.Build.0 = Debug|Win32
		{CD7EE0A1-AC87-44AF-8B19-47517C5FC20E}.Release|x64.ActiveCfg = Release|x64
		{CD7EE0A1-AC87-44AF-8B19-47517C5FC20E}.Release|x64.Build.0 = Release|x64
		{CD7EE0A1-AC87-44AF-8B19-47517C5FC20E}.Release|x86.ActiveCfg = Release|Win32
		{CD7EE0A1-AC87-44AF-8B19-47517C5FC20E}.Release|x86.Build.0 = Release|Win32
		{2D6EC036-F8CB-4446-B175-F5B48E5ADA16}.Debug|x64.ActiveCfg = Debug|x64
		{2D6EC036-F8CB-4446-B175-F5B48E5ADA16}.Debug|x64.Build.0 = Debug|x64
		{2D6EC036-F8CB-4446-B175-F5B48E5ADA16}.Debug|x86.ActiveCfg = Debug|Win32
		{2D6EC036-F8CB-4446-B175-F5B48E5ADA16}.Debug|x86.Build.0 = Debug|Win32
		{2D6EC036-F8CB-4446-B175-F5B48E5ADA16}.Release|x64.ActiveCfg = Release|x64
		{2D6EC036-F8CB-4446-B175-F5B48E5ADA16}.Release|x64.Build.0 = Release|x64
		{2D6EC036-F8CB-4446-B175-F5B48E5ADA16}.Release|x86.ActiveCfg = Release|Win32
		{2D6EC036-F8CB-4446-B175-F5B48E5ADA16}.Release|x86.Build.0 = Release|Win32
		{551B557B-1C62-47CD-B967-9778D81DBEDF}.Debug|x64.ActiveCfg = Debug|x64
		{551B557B-1C62-47CD-B967-9778D81DBEDF}.Debug|x64.Build.0 = Debug|x64
		{551B557B-1C62-47CD-B967-9778D81DBEDF}.Debug|x86.ActiveCfg = Debug|Win32
		{551B557B-1C62-47CD-B967-9778D81DBEDF}.Debug|x86.Build.0 = Debug|Win32
		{551B557B-1C62-47CD-B967-9778D81DBEDF}.Release|x64.ActiveCfg = Release|x64
		{551B557B-1C62-47CD-B967-9778D81DBEDF}.Release|x64.Build.0 = Release|x64
		{551B557B-1C62-47CD-B967-9778D81DBEDF}.Release|x86.ActiveCfg = Release|Win32
		{551B557B-1C62-47CD-B967-9778D81DBEDF}.Release|x86.Build.0 = Release|Win32
		{A64F6926-EE1F-4AE2-B6F0-C9A805D779BF}.Debug|x64.ActiveCfg = Debug|x64
		{A64F6926-EE1F-4AE2-B6F0-C9A805D779BF}.Debug|x64.Build.0 = Debug|x64
		{A64F6926-EE1F-4AE2-B6F0-C9A805D779BF}.Debug|x86.ActiveCfg = Debug|Win32
		{A64F6926-EE1F-4AE2-B6F0-C9A805D779BF}.Debug|x86.Build.0 = Debug|Win32
		{A64F6926-EE1F-4AE2-B6F0-C9A805D779BF}.Release|x64.ActiveCfg = Release|x64
		{A64F6926-EE1F-4AE2-B6F0-C9A805D779BF}.Release|x64.Build.0 = Release|x64
		{A64F6926-EE1F-4AE2-B6F0-C9A805D779BF}.Release|x86.ActiveCfg = Release|Win32
		{A64F6926-EE1F-4AE2-B6F0-C9A805D779BF}.Release|x86.Build.0 = Release|Win32
		{53B7E354-250F-48B5-9158-D1A9C6DA07B2}.Debug|x64.ActiveCfg = Debug|x64
		{53B7E354-250F-48B5-9158-D1A9C6DA07B2}.Debug|x64.Build.0 = Debug|x64
		{53B7E354-250F-48B5-9158-D1A9C6DA07B2}.Debug|x86.ActiveCfg = Debug|Win32
		{53B7E354-250F-48B5-9158-D1A9C6DA07B2}.Debug|x86.Build.0 = Debug|Win32
		{53B7E354-250F-48B5-9158-D1A9C6DA07B2}.Release|x64.ActiveCfg = Release|x64
		{53B7E354-250F-48B5-9158-D1A9C6DA07B2}.Release|x64.Build.0 = Release|x64
		{53B7E354-250F-48B5-9158-D1A9C6DA07B2}.Release|x86.ActiveCfg = Release|Win32
		{53B7E354-250F-48B5-9158-D1A9C6DA07B2}.Release|x86.Build.0 = Release|Win32
		{7BEDDD55-AF56-4716-B8A5-68044E5792F2}.Debug|x64.ActiveCfg = Debug|x64
		{7BEDDD55-AF56-4716-B8A5-68044E5792F2}.Debug|x64.Build.0 = Debug|x64
		{7BEDDD55-AF56-4716-B8A5-68044E5792F2}.Debug|x86.ActiveCfg = Debug|Win32
		{7BEDDD55-AF56-4716-B8A5-68044E5792F2}.Debug|x86.Build.0 = Debug|Win32
		{7BEDDD55-AF56-4716-B8A5-68044E5792F2}.Release|x64.ActiveCfg = Release|x64
		{7BEDDD55-AF56-4716-B8A5-68044E5792F2}.Release|x64.Build.0 = Release|x64
		{7BEDDD55-AF56-4716-B8A5-68044E5792F2}.Release|x86.ActiveCfg = Release|Win32
		{7BEDDD55-AF56-4716-B8A5-68044E5792F2}.Release|x86.Build.0 = Release|Win32
		{0768D6AA-E279-4977-BC04-7F1581FAF512}.Debug|x64.ActiveCfg = Debug|x64
		{0768D6AA-E279-4977-BC04-7F1581FAF512}.Debug|x64.Build.0 = Debug|x64
		{0768D6AA-E279-4977-BC04-7F1581FAF512}.Debug|x86.ActiveCfg = Debug|Win32
		{0768D6AA-E279-4977-BC04-7F1581FAF512}.Debug|x86.Build.0 = Debug|Win32
		{0768D6AA-E279-4977-BC04-7F1581FAF512}.Release|x64.ActiveCfg = Release|x64
		{0768D6AA-E279-4977-BC04-7F1581FAF512}.Release|x64.Build.0 = Release|x64
		{0768D6AA-E279-4977-BC04-7F1581FAF512}.Release|x86.ActiveCfg = Release|Win32
		{0768D6AA-E279-4977-BC04-7F1581FAF512}.Release|x86.Build.0 = Release|Win32
		{BB98894B-87C0-4363-ADD4-06D8D81BC8BB}.Debug|x64.ActiveCfg = Debug|x64
		{BB98894B-87C0-4363-ADD4-06D8D81BC8BB}.Debug|x64.Build.0 = Debug|x64
		{BB98894B-87C0-4363-ADD4-06D8D81BC8BB}.Debug|x86.ActiveCfg = Debug|Win32
		{BB98894B-87C0-4363-ADD4-06D8D81BC8BB}.Debug|x86.Build.0 = Debug|Win32
		{BB98894B-87C0-4363-ADD4-06D8D81BC8BB}.Release|x64.ActiveCfg = Release|x64
		{BB98894B-87C0-4363-ADD4-06D8D81BC8BB}.Release|x64.Build.0 = Release|x64
		{BB98894B-87C0-4363-ADD4-06D8D81BC8BB}.Release|x86.ActiveCfg = Release|Win32
		{BB98894B-87C0-4363-ADD4-06D8D81BC8BB}.Release|x86.Build.0 = Release|Win32
		{FA00F051-3937-435D-A155-8AB1EAC700C3}.Debug|x64.ActiveCfg = Debug|x64
		{FA00F051-3937-435D-A155-8AB1EAC700C3}.Debug|x64.Build.0 = Debug|x64
		{FA00F051-3937-435D-A155-8AB1EAC700C3}.Debug|x86.ActiveCfg = Debug|Win32
		{FA00F051-3937-435D-A155-8AB1EAC700C3}.Debug|x86.Build.0 = Debug|Win32
		{FA00F051-3937-435D-A155-8AB1EAC700C3}.Release|x64.ActiveCfg = Release|x64
		{FA00F051-3937-435D-A155-8AB1EAC700C3}.Release|x64.Build.0 = Release|x64
		{FA00F051-3937-435D-A155-8AB1EAC700C3}.Release|x86.ActiveCfg = Release|Win32
		{FA00F051-3937-435D-A155-8AB1EAC700C3}.Release|x86.Build.0 = Release|Win32
		{4B656E14-509D-4151-A4EB-8D3D7088F763}.Debug|x64.ActiveCfg = Debug|x64
		{4B656E14-509D-4151-A4EB-8D3D7088F763}.Debug|x64.Build.0 = Debug|x64
		{4B656E14-509D-4151-A4EB-8D3D7088F763}.Debug|x86.ActiveCfg = Debug|Win32
		{4B656E14-509D-4151-A4EB-8D3D7088F763}.Debug|x86.Build.0 = Debug|Win32
		{4B656E14-509D-4151-A4EB-8D3D7088F763}.Release|x64.ActiveCfg = Release|x64
		{4B656E14-509D-4151-A4EB-8D3D7088F763}.Release|x64.Build.0 = Release|x64
		{4B656E14-509D-4151-A4EB-8D3D7088F763}.Release|x86.ActiveCfg = Release|Win32
		{4B656E14-509D-4151-A4EB-8D3D7088F763}.Release|x86.Build.0 = Release|Win32
		{8DE1C643-5FC9-4A94-84CF-437B1743A58D}.Debug|x64.ActiveCfg = Debug|x64
		{8DE1C643-5FC9-4A94-84CF-437B1743A58D}.Debug|x64.Build.0 = Debug|x64
		{8DE1C643-5FC9-4A94-84CF-437B1743A58D}.Debug|x86.ActiveCfg = Debug|Win32
		{8DE1C643-5FC9-4A94-84CF-437B1743A58D}.Debug|x86.Build.0 = Debug|Win32
		{8DE1C643-5FC9-4A94-84CF-437B1743A58D}.Release|x64.ActiveCfg = Release|x64
		{8DE1C643-5FC9-4A94-84CF-437B1743A58D}.Release|x64.Build.0 = Release|x64
		{8DE1C643-5FC9-4A94-84CF-437B1743A58D}.Release|x86.ActiveCfg = Release|Win32
		{8DE1C643-5FC9-4A94-84CF-437B1743A58D}.Release|x86.Build.0 = Release|Win32
		{0A665978-6D31-495D-B737-E37C631E9A8B}.Debug|x64.ActiveCfg = Debug|x64
		{0A665978-6D31-495D-B737-E37C631E9A8B}.Debug|x64.Build.0 = Debug|x64
		{0A665978-6D31-495D-B737-E37C631E9A8B}.Debug|x86.ActiveCfg = Debug|Win32
		{0A665978-6D31-495D-B737-E37C631E9A8B}.Debug|x86.Build.0 = Debug|Win32
		{0A665978-6D31-495D-B737-E37C631E9A8B}.Release|x64.ActiveCfg = Release|x64
		{0A665978-6D31-495D-B737-E37C631E9A8B}.Release|x64.Build.0 = Release|x64
		{0A665978-6D31-495D-B737-E37C631E9A8B}.Release|x86.ActiveCfg = Release|Win32
		{0A665978-6D31-495D-B737-E37C631E9A8B}.Release|x86.Build.0 = Release|Win32
		{38F5C802-FB6C-4304-8ED7-C4D2F3A93FA8}.Debug|x64.ActiveCfg = Debug|x64
		{38F5C802-FB6C-4304-8ED7-C4D2F3A93FA8}.Debug|x64.Build.0 = Debug|x64
		{38F5C802-FB6C-4304-8ED7-C4D2F3A93FA8}.Debug|x86.ActiveCfg = Debug|Win32
		{38F5C802-FB6C-4304-8ED7-C4D2F3A93FA8}.Debug|x86.Build.0 = Debug|Win32
		{38F5C802-FB6C-4304-8ED7-C4D2F3A93FA8}.Release|x64.ActiveCfg = Release|x64
		{38F5C802-FB6C-4304-8ED7-C4D2F3A93FA8}.Release|x64.Build.0 = Release|x64
		{38F5C802-FB6C-4304-8ED7-C4D2F3A93FA8}.Release|x86.ActiveCfg = Release|Win32
		{38F5C802-FB6C-4304-8ED7-C4D2F3A93FA8}.Release|x86.Build.0 = Release|Win32
		{289AA810-CEAE-465D-A830-B48DDF6C8F45}.Debug|x64.ActiveCfg = Debug|x64
		{289AA810-CEAE-465D-A830-B48DDF6C8F45}.Debug|x64.Build.0 = Debug|x64
		{289AA810-CEAE-465D-A830-B48DDF6C8F45}.Debug|x86.ActiveCfg = Debug|Win32
		{289AA810-CEAE-465D-A830-B48DDF6C8F45}.Debug|x86.Build.0 = Debug|Win32
		{289AA810-CEAE-465D-A830-B48DDF6C8F45}.Release|x64.ActiveCfg = Release|x64
		{289AA810-CEAE-465D-A830-B48DDF6C8F45}.Release|x64.Build.0 = Release|x64
		{289AA810-CEAE-465D-A830-B48DDF6C8F45}.Release|x86.ActiveCfg = Release|Win32
		{289AA810-CEAE-465D-A830-B48DDF6C8F45}.Release|x86.Build.0 = Release|Win32
		{BC95AEC3-EA49-4DDC-A9C3-9692197B76E4}.Debug|x64.ActiveCfg = Debug|x64
		{BC95AEC3-EA49-4DDC-A9C3-9692197B76E4}.Debug|x64.Build.0 = Debug|x64
		{BC95AEC3-EA49-4DDC-A9C3-9692197B76E4}.Debug|x86.ActiveCfg = Debug|Win32
		{BC95AEC3-EA49-4DDC-A9C3-9692197B76E4}.Debug|x86.Build.0 = Debug|Win32
		{BC95AEC3-EA49-4DDC-A9C3-9692197B76E4}.Release|x64.ActiveCfg = Release|x64
		{BC95AEC3-EA49-4DDC-A9C3-9692197B76E4}.Release|x64.Build.0 = Release|x64
		{BC95AEC3-EA49-4DDC-A9C3-9692197B76E4}.Release|x86.ActiveCfg = Release|Win32
		{BC95AEC3-EA49-4DDC-A9C3-9692197B76E4}.Release|x86.Build.0 = Release|Win32
		{7AEFB556-6DF0-49F0-A2BF-AB711511B74B}.Debug|x64.ActiveCfg = Debug|x64
		{7AEFB556-6DF0-49F0-A2BF-AB711511B74B}.Debug|x64.Build.0 = Debug|x64
		{7AEFB556-6DF0-49F0-A2BF-AB711511B74B}.Debug|x86.ActiveCfg = Debug|Win32
		{7AEFB556-6DF0-49F0-A2BF-AB711511B74B}.Debug|x86.Build.0 = Debug|Win32
		{7AEFB556-6DF0-49F0-A2BF-AB711511B74B}.Release|x64.ActiveCfg = Release|x64
		{7AEFB556-6DF0-49F0-A2BF-AB711511B74B}.Release|x64.Build.0 = Release|x64
		{7AEFB556-6DF0-49F0-A2BF-AB711511B74B}.Release|x86.ActiveCfg = Release|Win32
		{7AEFB556-6DF0-49F0-A2BF-AB711511B74B}.Release|x86.Build.0 = Release|Win32
		{865931FC-D561-4165-9507-E4970CD2A659}.Debug|x64.ActiveCfg = Debug|x64
		{865931FC-D561-4165-9507-E4970CD2A659}.Debug|x64.Build.0 = Debug|x64
		{865931FC-D561-4165-9507-E4970CD2A659}.Debug|x86.ActiveCfg = Debug|Win32
		{865931FC-D561-4165-9507-E4970CD2A659}.Debug|x86.Build.0 = Debug|Win32
		{865931FC-D561-4165-9507-E4970CD2A659}.Release|x64.ActiveCfg = Release|x64
		{865931FC-D561-4165-9507-E4970CD2A659}.Release|x64.Build.0 = Release|x64
		{865931FC-D561-4165-9507-E4970CD2A659}.Release|x86.ActiveCfg = Release|Win32
		{865931FC-D561-4165-9507-E4970CD2A659}.Release|x86.Build.0 = Release|Win32
		{E61AE615-59D5-41A0-918A-B617275102F2}.Debug|x64.ActiveCfg = Debug|x64
		{E61AE615-59D5-41A0-918A-B617275102F2}.Debug|x64.Build.0 = Debug|x64
		{E61AE615-59D5-41A0-918A-B617275102F2}.Debug|x86.ActiveCfg = Debug|Win32
		{E61AE615-59D5-41A0-918A-B617275102F2}.Debug|x86.Build.0 = Debug|Win32
		{E61AE615-59D5-41A0-918A-B617275102F2}.Release|x64.ActiveCfg = Release|x64
		{E61AE615-59D5-41A0-918A-B617275102F2}.Release|x64.Build.0 = Release|x64
		{E61AE615-59D5-41A0-918A-B617275102F2}.Release|x86.ActiveCfg = Release|Win32
		{E61AE615-59D5-41A0-918A-B617275102F2}.Release|x86.Build.0 = Release|Win32
	EndGlobalSection
	GlobalSection(SolutionProperties) = preSolution
		HideSolutionNode = FALSE
	EndGlobalSection
	GlobalSection(NestedProjects) = preSolution
		{7C1802BC-EBB1-4AA7-A2BF-90D829064A2F} = {A3D41BC6-3255-4ADC-B148-B3B263C991B9}
		{ED41E963-A3C9-4A9F-8F6B-4ECC321C0835} = {A3D41BC6-3255-4ADC-B148-B3B263C991B9}
		{A4406685-BEFF-43C5-A4E6-13D1F5E9D0E6} = {A3D41BC6-3255-4ADC-B148-B3B263C991B9}
		{2D6EC036-F8CB-4446-B175-F5B48E5ADA16} = {2DBFBF27-771F-45B9-BE2C-7ACA12DCCFDE}
		{4B656E14-509D-4151-A4EB-8D3D7088F763} = {94EDC34D-CD41-426F-BE7C-2ED7C4514F56}
		{8DE1C643-5FC9-4A94-84CF-437B1743A58D} = {2CA9E406-D850-49E8-88AB-58988C3DB0A1}
		{0A665978-6D31-495D-B737-E37C631E9A8B} = {2CA9E406-D850-49E8-88AB-58988C3DB0A1}
		{38F5C802-FB6C-4304-8ED7-C4D2F3A93FA8} = {A3D41BC6-3255-4ADC-B148-B3B263C991B9}
	EndGlobalSection
	GlobalSection(ExtensibilityGlobals) = postSolution
		SolutionGuid = {83FF5686-E75A-49ED-B009-AF74468684E3}
	EndGlobalSection
EndGlobal
