<?xml version="1.0" encoding="utf-8"?>
<Project ToolsVersion="4.0" xmlns="http://schemas.microsoft.com/developer/msbuild/2003">
  <ItemGroup>
    <ClCompile Include="HomeWork0330.cpp" />
    <ClCompile Include="ConsoleGameMath.cpp">
      <Filter>Level0</Filter>
    </ClCompile>
    <ClCompile Include="ConsoleGameScreen.cpp">
      <Filter>Level1</Filter>
    </ClCompile>
    <ClCompile Include="Bullet.cpp">
      <Filter>Level2</Filter>
    </ClCompile>
    <ClCompile Include="Player.cpp">
      <Filter>Level2</Filter>
    </ClCompile>
    <ClCompile Include="ShootingGame.cpp">
      <Filter>Level2</Filter>
    </ClCompile>
    <ClCompile Include="Monster.cpp">
      <Filter>Level2</Filter>
    </ClCompile>
    <ClCompile Include="ConsoleGameObject.cpp">
      <Filter>Level1</Filter>
    </ClCompile>
  </ItemGroup>
  <ItemGroup>
    <Filter Include="Level0">
      <UniqueIdentifier>{818bd213-fc2b-499d-aff1-7e8cc721e4fe}</UniqueIdentifier>
    </Filter>
    <Filter Include="Level1">
      <UniqueIdentifier>{ead3a3b7-f05c-4283-acac-bfc23a99f891}</UniqueIdentifier>
    </Filter>
    <Filter Include="Level2">
      <UniqueIdentifier>{5cd34aec-b54d-450a-a9fb-4975b29b92f1}</UniqueIdentifier>
    </Filter>
  </ItemGroup>
  <ItemGroup>
    <ClInclude Include="ConsoleGameMath.h">
      <Filter>Level0</Filter>
    </ClInclude>
    <ClInclude Include="ConsoleGameScreen.h">
      <Filter>Level1</Filter>
    </ClInclude>
    <ClInclude Include="Bullet.h">
      <Filter>Level2</Filter>
    </ClInclude>
    <ClInclude Include="Player.h">
      <Filter>Level2</Filter>
    </ClInclude>
    <ClInclude Include="ShootingGame.h">
      <Filter>Level2</Filter>
    </ClInclude>
    <ClInclude Include="Monster.h">
      <Filter>Level2</Filter>
    </ClInclude>
    <ClInclude Include="ConsoleGameObject.h">
      <Filter>Level1</Filter>
    </ClInclude>
  </ItemGroup>
</Project>